// !$*UTF8*$!
{
	archiveVersion = 1;
	classes = {
	};
	objectVersion = 55;
	objects = {

/* Begin PBXBuildFile section */
		AF91F19627E8C62F0015CCE9 /* happy_trackerApp.swift in Sources */ = {isa = PBXBuildFile; fileRef = AF91F19527E8C62F0015CCE9 /* happy_trackerApp.swift */; };
		AF91F19827E8C62F0015CCE9 /* ContentView.swift in Sources */ = {isa = PBXBuildFile; fileRef = AF91F19727E8C62F0015CCE9 /* ContentView.swift */; };
		AF91F19A27E8C6310015CCE9 /* Assets.xcassets in Resources */ = {isa = PBXBuildFile; fileRef = AF91F19927E8C6310015CCE9 /* Assets.xcassets */; };
		AF91F19D27E8C6310015CCE9 /* Preview Assets.xcassets in Resources */ = {isa = PBXBuildFile; fileRef = AF91F19C27E8C6310015CCE9 /* Preview Assets.xcassets */; };
		AF91F1A727E8CBF90015CCE9 /* LoginView.swift in Sources */ = {isa = PBXBuildFile; fileRef = AF91F1A627E8CBF90015CCE9 /* LoginView.swift */; };
		AF91F1AF27E8CF0C0015CCE9 /* LogoView.swift in Sources */ = {isa = PBXBuildFile; fileRef = AF91F1AE27E8CF0C0015CCE9 /* LogoView.swift */; };
		AF91F1B327E8D38F0015CCE9 /* CustomTextField.swift in Sources */ = {isa = PBXBuildFile; fileRef = AF91F1B227E8D38F0015CCE9 /* CustomTextField.swift */; };
		AF91F1B527E8D8EB0015CCE9 /* CustomAuthLabel.swift in Sources */ = {isa = PBXBuildFile; fileRef = AF91F1B427E8D8EB0015CCE9 /* CustomAuthLabel.swift */; };
		AF91F1B727E8DBF60015CCE9 /* CustomButton.swift in Sources */ = {isa = PBXBuildFile; fileRef = AF91F1B627E8DBF60015CCE9 /* CustomButton.swift */; };
		F16D35C327E8FE2B000BE2DD /* SideMenuView.swift in Sources */ = {isa = PBXBuildFile; fileRef = F16D35C227E8FE2B000BE2DD /* SideMenuView.swift */; };
		F16D35C527E8FE7B000BE2DD /* SideMenuViewModel.swift in Sources */ = {isa = PBXBuildFile; fileRef = F16D35C427E8FE7B000BE2DD /* SideMenuViewModel.swift */; };
		F16D35C727E909F6000BE2DD /* UserLandingView.swift in Sources */ = {isa = PBXBuildFile; fileRef = F16D35C627E909F6000BE2DD /* UserLandingView.swift */; };
		F16D35C927E90D72000BE2DD /* MainUserView.swift in Sources */ = {isa = PBXBuildFile; fileRef = F16D35C827E90D72000BE2DD /* MainUserView.swift */; };
		F16D35CB27EA00E7000BE2DD /* ProfileView.swift in Sources */ = {isa = PBXBuildFile; fileRef = F16D35CA27EA00E7000BE2DD /* ProfileView.swift */; };
		F16D35CD27EA01EB000BE2DD /* ProfileInfoView.swift in Sources */ = {isa = PBXBuildFile; fileRef = F16D35CC27EA01EB000BE2DD /* ProfileInfoView.swift */; };
		F16D35D027EA2E33000BE2DD /* SideMenuOptionRowView.swift in Sources */ = {isa = PBXBuildFile; fileRef = F16D35CF27EA2E33000BE2DD /* SideMenuOptionRowView.swift */; };
		F16D35D227EA5536000BE2DD /* AppSettingsView.swift in Sources */ = {isa = PBXBuildFile; fileRef = F16D35D127EA5536000BE2DD /* AppSettingsView.swift */; };
/* End PBXBuildFile section */

/* Begin PBXFileReference section */
		AF91F19227E8C62F0015CCE9 /* happy-tracker.app */ = {isa = PBXFileReference; explicitFileType = wrapper.application; includeInIndex = 0; path = "happy-tracker.app"; sourceTree = BUILT_PRODUCTS_DIR; };
		AF91F19527E8C62F0015CCE9 /* happy_trackerApp.swift */ = {isa = PBXFileReference; lastKnownFileType = sourcecode.swift; path = happy_trackerApp.swift; sourceTree = "<group>"; };
		AF91F19727E8C62F0015CCE9 /* ContentView.swift */ = {isa = PBXFileReference; lastKnownFileType = sourcecode.swift; path = ContentView.swift; sourceTree = "<group>"; };
		AF91F19927E8C6310015CCE9 /* Assets.xcassets */ = {isa = PBXFileReference; lastKnownFileType = folder.assetcatalog; path = Assets.xcassets; sourceTree = "<group>"; };
		AF91F19C27E8C6310015CCE9 /* Preview Assets.xcassets */ = {isa = PBXFileReference; lastKnownFileType = folder.assetcatalog; path = "Preview Assets.xcassets"; sourceTree = "<group>"; };
		AF91F1A627E8CBF90015CCE9 /* LoginView.swift */ = {isa = PBXFileReference; lastKnownFileType = sourcecode.swift; path = LoginView.swift; sourceTree = "<group>"; };
		AF91F1AE27E8CF0C0015CCE9 /* LogoView.swift */ = {isa = PBXFileReference; lastKnownFileType = sourcecode.swift; path = LogoView.swift; sourceTree = "<group>"; };
		AF91F1B227E8D38F0015CCE9 /* CustomTextField.swift */ = {isa = PBXFileReference; lastKnownFileType = sourcecode.swift; path = CustomTextField.swift; sourceTree = "<group>"; };
		AF91F1B427E8D8EB0015CCE9 /* CustomAuthLabel.swift */ = {isa = PBXFileReference; lastKnownFileType = sourcecode.swift; path = CustomAuthLabel.swift; sourceTree = "<group>"; };
		AF91F1B627E8DBF60015CCE9 /* CustomButton.swift */ = {isa = PBXFileReference; lastKnownFileType = sourcecode.swift; path = CustomButton.swift; sourceTree = "<group>"; };
		F16D35C227E8FE2B000BE2DD /* SideMenuView.swift */ = {isa = PBXFileReference; lastKnownFileType = sourcecode.swift; path = SideMenuView.swift; sourceTree = "<group>"; };
		F16D35C427E8FE7B000BE2DD /* SideMenuViewModel.swift */ = {isa = PBXFileReference; lastKnownFileType = sourcecode.swift; name = SideMenuViewModel.swift; path = "happy-tracker/View/SideMenuViewModel.swift"; sourceTree = SOURCE_ROOT; };
		F16D35C627E909F6000BE2DD /* UserLandingView.swift */ = {isa = PBXFileReference; lastKnownFileType = sourcecode.swift; path = UserLandingView.swift; sourceTree = "<group>"; };
		F16D35C827E90D72000BE2DD /* MainUserView.swift */ = {isa = PBXFileReference; lastKnownFileType = sourcecode.swift; path = MainUserView.swift; sourceTree = "<group>"; };
		F16D35CA27EA00E7000BE2DD /* ProfileView.swift */ = {isa = PBXFileReference; lastKnownFileType = sourcecode.swift; path = ProfileView.swift; sourceTree = "<group>"; };
		F16D35CC27EA01EB000BE2DD /* ProfileInfoView.swift */ = {isa = PBXFileReference; lastKnownFileType = sourcecode.swift; path = ProfileInfoView.swift; sourceTree = "<group>"; };
		F16D35CF27EA2E33000BE2DD /* SideMenuOptionRowView.swift */ = {isa = PBXFileReference; lastKnownFileType = sourcecode.swift; path = SideMenuOptionRowView.swift; sourceTree = "<group>"; };
		F16D35D127EA5536000BE2DD /* AppSettingsView.swift */ = {isa = PBXFileReference; lastKnownFileType = sourcecode.swift; path = AppSettingsView.swift; sourceTree = "<group>"; };
/* End PBXFileReference section */

/* Begin PBXFrameworksBuildPhase section */
		AF91F18F27E8C62F0015CCE9 /* Frameworks */ = {
			isa = PBXFrameworksBuildPhase;
			buildActionMask = 2147483647;
			files = (
			);
			runOnlyForDeploymentPostprocessing = 0;
		};
/* End PBXFrameworksBuildPhase section */

/* Begin PBXGroup section */
		AF91F18927E8C62F0015CCE9 = {
			isa = PBXGroup;
			children = (
				AF91F19427E8C62F0015CCE9 /* happy-tracker */,
				AF91F19327E8C62F0015CCE9 /* Products */,
			);
			sourceTree = "<group>";
		};
		AF91F19327E8C62F0015CCE9 /* Products */ = {
			isa = PBXGroup;
			children = (
				AF91F19227E8C62F0015CCE9 /* happy-tracker.app */,
			);
			name = Products;
			sourceTree = "<group>";
		};
		AF91F19427E8C62F0015CCE9 /* happy-tracker */ = {
			isa = PBXGroup;
			children = (
				AF91F19527E8C62F0015CCE9 /* happy_trackerApp.swift */,
				AF91F19727E8C62F0015CCE9 /* ContentView.swift */,
				AF91F1A827E8CC080015CCE9 /* View */,
				AF91F1A927E8CC150015CCE9 /* ViewModel */,
				AF91F1AC27E8CC440015CCE9 /* Service */,
				AF91F1AA27E8CC310015CCE9 /* Model */,
				AF91F1AB27E8CC420015CCE9 /* Util */,
				AF91F19927E8C6310015CCE9 /* Assets.xcassets */,
				AF91F19B27E8C6310015CCE9 /* Preview Content */,
			);
			path = "happy-tracker";
			sourceTree = "<group>";
		};
		AF91F19B27E8C6310015CCE9 /* Preview Content */ = {
			isa = PBXGroup;
			children = (
				AF91F19C27E8C6310015CCE9 /* Preview Assets.xcassets */,
			);
			path = "Preview Content";
			sourceTree = "<group>";
		};
		AF91F1A827E8CC080015CCE9 /* View */ = {
			isa = PBXGroup;
			children = (
				F16D35CE27EA2D28000BE2DD /* SideMenu */,
				AF91F1A627E8CBF90015CCE9 /* LoginView.swift */,
				F16D35C627E909F6000BE2DD /* UserLandingView.swift */,
				F16D35C827E90D72000BE2DD /* MainUserView.swift */,
				F16D35CA27EA00E7000BE2DD /* ProfileView.swift */,
				F16D35D127EA5536000BE2DD /* AppSettingsView.swift */,
				AF91F1AD27E8CC6A0015CCE9 /* Component */,
			);
			path = View;
			sourceTree = "<group>";
		};
		AF91F1A927E8CC150015CCE9 /* ViewModel */ = {
			isa = PBXGroup;
			children = (
				F16D35C427E8FE7B000BE2DD /* SideMenuViewModel.swift */,
			);
			path = ViewModel;
			sourceTree = "<group>";
		};
		AF91F1AA27E8CC310015CCE9 /* Model */ = {
			isa = PBXGroup;
			children = (
			);
			path = Model;
			sourceTree = "<group>";
		};
		AF91F1AB27E8CC420015CCE9 /* Util */ = {
			isa = PBXGroup;
			children = (
			);
			path = Util;
			sourceTree = "<group>";
		};
		AF91F1AC27E8CC440015CCE9 /* Service */ = {
			isa = PBXGroup;
			children = (
			);
			path = Service;
			sourceTree = "<group>";
		};
		AF91F1AD27E8CC6A0015CCE9 /* Component */ = {
			isa = PBXGroup;
			children = (
				AF91F1AE27E8CF0C0015CCE9 /* LogoView.swift */,
				AF91F1B227E8D38F0015CCE9 /* CustomTextField.swift */,
				AF91F1B427E8D8EB0015CCE9 /* CustomAuthLabel.swift */,
				AF91F1B627E8DBF60015CCE9 /* CustomButton.swift */,
				F16D35CC27EA01EB000BE2DD /* ProfileInfoView.swift */,
			);
			path = Component;
			sourceTree = "<group>";
		};
		F16D35CE27EA2D28000BE2DD /* SideMenu */ = {
			isa = PBXGroup;
			children = (
				F16D35C227E8FE2B000BE2DD /* SideMenuView.swift */,
				F16D35CF27EA2E33000BE2DD /* SideMenuOptionRowView.swift */,
			);
			path = SideMenu;
			sourceTree = "<group>";
		};
/* End PBXGroup section */

/* Begin PBXNativeTarget section */
		AF91F19127E8C62F0015CCE9 /* happy-tracker */ = {
			isa = PBXNativeTarget;
			buildConfigurationList = AF91F1A027E8C6310015CCE9 /* Build configuration list for PBXNativeTarget "happy-tracker" */;
			buildPhases = (
				AF91F18E27E8C62F0015CCE9 /* Sources */,
				AF91F18F27E8C62F0015CCE9 /* Frameworks */,
				AF91F19027E8C62F0015CCE9 /* Resources */,
			);
			buildRules = (
			);
			dependencies = (
			);
			name = "happy-tracker";
			productName = "happy-tracker";
			productReference = AF91F19227E8C62F0015CCE9 /* happy-tracker.app */;
			productType = "com.apple.product-type.application";
		};
/* End PBXNativeTarget section */

/* Begin PBXProject section */
		AF91F18A27E8C62F0015CCE9 /* Project object */ = {
			isa = PBXProject;
			attributes = {
				BuildIndependentTargetsInParallel = 1;
				LastSwiftUpdateCheck = 1320;
				LastUpgradeCheck = 1320;
				TargetAttributes = {
					AF91F19127E8C62F0015CCE9 = {
						CreatedOnToolsVersion = 13.2.1;
					};
				};
			};
			buildConfigurationList = AF91F18D27E8C62F0015CCE9 /* Build configuration list for PBXProject "happy-tracker" */;
			compatibilityVersion = "Xcode 13.0";
			developmentRegion = en;
			hasScannedForEncodings = 0;
			knownRegions = (
				en,
				Base,
			);
			mainGroup = AF91F18927E8C62F0015CCE9;
			productRefGroup = AF91F19327E8C62F0015CCE9 /* Products */;
			projectDirPath = "";
			projectRoot = "";
			targets = (
				AF91F19127E8C62F0015CCE9 /* happy-tracker */,
			);
		};
/* End PBXProject section */

/* Begin PBXResourcesBuildPhase section */
		AF91F19027E8C62F0015CCE9 /* Resources */ = {
			isa = PBXResourcesBuildPhase;
			buildActionMask = 2147483647;
			files = (
				AF91F19D27E8C6310015CCE9 /* Preview Assets.xcassets in Resources */,
				AF91F19A27E8C6310015CCE9 /* Assets.xcassets in Resources */,
			);
			runOnlyForDeploymentPostprocessing = 0;
		};
/* End PBXResourcesBuildPhase section */

/* Begin PBXSourcesBuildPhase section */
		AF91F18E27E8C62F0015CCE9 /* Sources */ = {
			isa = PBXSourcesBuildPhase;
			buildActionMask = 2147483647;
			files = (
				AF91F1A727E8CBF90015CCE9 /* LoginView.swift in Sources */,
				F16D35C727E909F6000BE2DD /* UserLandingView.swift in Sources */,
				AF91F1B527E8D8EB0015CCE9 /* CustomAuthLabel.swift in Sources */,
				F16D35C927E90D72000BE2DD /* MainUserView.swift in Sources */,
				F16D35D027EA2E33000BE2DD /* SideMenuOptionRowView.swift in Sources */,
				F16D35CD27EA01EB000BE2DD /* ProfileInfoView.swift in Sources */,
				F16D35CB27EA00E7000BE2DD /* ProfileView.swift in Sources */,
				F16D35C327E8FE2B000BE2DD /* SideMenuView.swift in Sources */,
				AF91F1AF27E8CF0C0015CCE9 /* LogoView.swift in Sources */,
				F16D35C527E8FE7B000BE2DD /* SideMenuViewModel.swift in Sources */,
				AF91F19827E8C62F0015CCE9 /* ContentView.swift in Sources */,
				AF91F1B727E8DBF60015CCE9 /* CustomButton.swift in Sources */,
				AF91F1B327E8D38F0015CCE9 /* CustomTextField.swift in Sources */,
				F16D35D227EA5536000BE2DD /* AppSettingsView.swift in Sources */,
				AF91F19627E8C62F0015CCE9 /* happy_trackerApp.swift in Sources */,
			);
			runOnlyForDeploymentPostprocessing = 0;
		};
/* End PBXSourcesBuildPhase section */

/* Begin XCBuildConfiguration section */
		AF91F19E27E8C6310015CCE9 /* Debug */ = {
			isa = XCBuildConfiguration;
			buildSettings = {
				ALWAYS_SEARCH_USER_PATHS = NO;
				CLANG_ANALYZER_NONNULL = YES;
				CLANG_ANALYZER_NUMBER_OBJECT_CONVERSION = YES_AGGRESSIVE;
				CLANG_CXX_LANGUAGE_STANDARD = "gnu++17";
				CLANG_CXX_LIBRARY = "libc++";
				CLANG_ENABLE_MODULES = YES;
				CLANG_ENABLE_OBJC_ARC = YES;
				CLANG_ENABLE_OBJC_WEAK = YES;
				CLANG_WARN_BLOCK_CAPTURE_AUTORELEASING = YES;
				CLANG_WARN_BOOL_CONVERSION = YES;
				CLANG_WARN_COMMA = YES;
				CLANG_WARN_CONSTANT_CONVERSION = YES;
				CLANG_WARN_DEPRECATED_OBJC_IMPLEMENTATIONS = YES;
				CLANG_WARN_DIRECT_OBJC_ISA_USAGE = YES_ERROR;
				CLANG_WARN_DOCUMENTATION_COMMENTS = YES;
				CLANG_WARN_EMPTY_BODY = YES;
				CLANG_WARN_ENUM_CONVERSION = YES;
				CLANG_WARN_INFINITE_RECURSION = YES;
				CLANG_WARN_INT_CONVERSION = YES;
				CLANG_WARN_NON_LITERAL_NULL_CONVERSION = YES;
				CLANG_WARN_OBJC_IMPLICIT_RETAIN_SELF = YES;
				CLANG_WARN_OBJC_LITERAL_CONVERSION = YES;
				CLANG_WARN_OBJC_ROOT_CLASS = YES_ERROR;
				CLANG_WARN_QUOTED_INCLUDE_IN_FRAMEWORK_HEADER = YES;
				CLANG_WARN_RANGE_LOOP_ANALYSIS = YES;
				CLANG_WARN_STRICT_PROTOTYPES = YES;
				CLANG_WARN_SUSPICIOUS_MOVE = YES;
				CLANG_WARN_UNGUARDED_AVAILABILITY = YES_AGGRESSIVE;
				CLANG_WARN_UNREACHABLE_CODE = YES;
				CLANG_WARN__DUPLICATE_METHOD_MATCH = YES;
				COPY_PHASE_STRIP = NO;
				DEBUG_INFORMATION_FORMAT = dwarf;
				ENABLE_STRICT_OBJC_MSGSEND = YES;
				ENABLE_TESTABILITY = YES;
				GCC_C_LANGUAGE_STANDARD = gnu11;
				GCC_DYNAMIC_NO_PIC = NO;
				GCC_NO_COMMON_BLOCKS = YES;
				GCC_OPTIMIZATION_LEVEL = 0;
				GCC_PREPROCESSOR_DEFINITIONS = (
					"DEBUG=1",
					"$(inherited)",
				);
				GCC_WARN_64_TO_32_BIT_CONVERSION = YES;
				GCC_WARN_ABOUT_RETURN_TYPE = YES_ERROR;
				GCC_WARN_UNDECLARED_SELECTOR = YES;
				GCC_WARN_UNINITIALIZED_AUTOS = YES_AGGRESSIVE;
				GCC_WARN_UNUSED_FUNCTION = YES;
				GCC_WARN_UNUSED_VARIABLE = YES;
				IPHONEOS_DEPLOYMENT_TARGET = 15.2;
				MTL_ENABLE_DEBUG_INFO = INCLUDE_SOURCE;
				MTL_FAST_MATH = YES;
				ONLY_ACTIVE_ARCH = YES;
				SDKROOT = iphoneos;
				SWIFT_ACTIVE_COMPILATION_CONDITIONS = DEBUG;
				SWIFT_OPTIMIZATION_LEVEL = "-Onone";
			};
			name = Debug;
		};
		AF91F19F27E8C6310015CCE9 /* Release */ = {
			isa = XCBuildConfiguration;
			buildSettings = {
				ALWAYS_SEARCH_USER_PATHS = NO;
				CLANG_ANALYZER_NONNULL = YES;
				CLANG_ANALYZER_NUMBER_OBJECT_CONVERSION = YES_AGGRESSIVE;
				CLANG_CXX_LANGUAGE_STANDARD = "gnu++17";
				CLANG_CXX_LIBRARY = "libc++";
				CLANG_ENABLE_MODULES = YES;
				CLANG_ENABLE_OBJC_ARC = YES;
				CLANG_ENABLE_OBJC_WEAK = YES;
				CLANG_WARN_BLOCK_CAPTURE_AUTORELEASING = YES;
				CLANG_WARN_BOOL_CONVERSION = YES;
				CLANG_WARN_COMMA = YES;
				CLANG_WARN_CONSTANT_CONVERSION = YES;
				CLANG_WARN_DEPRECATED_OBJC_IMPLEMENTATIONS = YES;
				CLANG_WARN_DIRECT_OBJC_ISA_USAGE = YES_ERROR;
				CLANG_WARN_DOCUMENTATION_COMMENTS = YES;
				CLANG_WARN_EMPTY_BODY = YES;
				CLANG_WARN_ENUM_CONVERSION = YES;
				CLANG_WARN_INFINITE_RECURSION = YES;
				CLANG_WARN_INT_CONVERSION = YES;
				CLANG_WARN_NON_LITERAL_NULL_CONVERSION = YES;
				CLANG_WARN_OBJC_IMPLICIT_RETAIN_SELF = YES;
				CLANG_WARN_OBJC_LITERAL_CONVERSION = YES;
				CLANG_WARN_OBJC_ROOT_CLASS = YES_ERROR;
				CLANG_WARN_QUOTED_INCLUDE_IN_FRAMEWORK_HEADER = YES;
				CLANG_WARN_RANGE_LOOP_ANALYSIS = YES;
				CLANG_WARN_STRICT_PROTOTYPES = YES;
				CLANG_WARN_SUSPICIOUS_MOVE = YES;
				CLANG_WARN_UNGUARDED_AVAILABILITY = YES_AGGRESSIVE;
				CLANG_WARN_UNREACHABLE_CODE = YES;
				CLANG_WARN__DUPLICATE_METHOD_MATCH = YES;
				COPY_PHASE_STRIP = NO;
				DEBUG_INFORMATION_FORMAT = "dwarf-with-dsym";
				ENABLE_NS_ASSERTIONS = NO;
				ENABLE_STRICT_OBJC_MSGSEND = YES;
				GCC_C_LANGUAGE_STANDARD = gnu11;
				GCC_NO_COMMON_BLOCKS = YES;
				GCC_WARN_64_TO_32_BIT_CONVERSION = YES;
				GCC_WARN_ABOUT_RETURN_TYPE = YES_ERROR;
				GCC_WARN_UNDECLARED_SELECTOR = YES;
				GCC_WARN_UNINITIALIZED_AUTOS = YES_AGGRESSIVE;
				GCC_WARN_UNUSED_FUNCTION = YES;
				GCC_WARN_UNUSED_VARIABLE = YES;
				IPHONEOS_DEPLOYMENT_TARGET = 15.2;
				MTL_ENABLE_DEBUG_INFO = NO;
				MTL_FAST_MATH = YES;
				SDKROOT = iphoneos;
				SWIFT_COMPILATION_MODE = wholemodule;
				SWIFT_OPTIMIZATION_LEVEL = "-O";
				VALIDATE_PRODUCT = YES;
			};
			name = Release;
		};
		AF91F1A127E8C6310015CCE9 /* Debug */ = {
			isa = XCBuildConfiguration;
			buildSettings = {
				ASSETCATALOG_COMPILER_APPICON_NAME = AppIcon;
				ASSETCATALOG_COMPILER_GLOBAL_ACCENT_COLOR_NAME = AccentColor;
				CODE_SIGN_STYLE = Automatic;
				CURRENT_PROJECT_VERSION = 1;
				DEVELOPMENT_ASSET_PATHS = "\"happy-tracker/Preview Content\"";
				ENABLE_PREVIEWS = YES;
				GENERATE_INFOPLIST_FILE = YES;
				INFOPLIST_KEY_UIApplicationSceneManifest_Generation = YES;
				INFOPLIST_KEY_UIApplicationSupportsIndirectInputEvents = YES;
				INFOPLIST_KEY_UILaunchScreen_Generation = YES;
				INFOPLIST_KEY_UISupportedInterfaceOrientations_iPad = "UIInterfaceOrientationPortrait UIInterfaceOrientationPortraitUpsideDown UIInterfaceOrientationLandscapeLeft UIInterfaceOrientationLandscapeRight";
				INFOPLIST_KEY_UISupportedInterfaceOrientations_iPhone = "UIInterfaceOrientationPortrait UIInterfaceOrientationLandscapeLeft UIInterfaceOrientationLandscapeRight";
				LD_RUNPATH_SEARCH_PATHS = (
					"$(inherited)",
					"@executable_path/Frameworks",
				);
				MARKETING_VERSION = 1.0;
				PRODUCT_BUNDLE_IDENTIFIER = "com.pbfuid.happy-tracker";
				PRODUCT_NAME = "$(TARGET_NAME)";
				SWIFT_EMIT_LOC_STRINGS = YES;
				SWIFT_VERSION = 5.0;
				TARGETED_DEVICE_FAMILY = "1,2";
			};
			name = Debug;
		};
		AF91F1A227E8C6310015CCE9 /* Release */ = {
			isa = XCBuildConfiguration;
			buildSettings = {
				ASSETCATALOG_COMPILER_APPICON_NAME = AppIcon;
				ASSETCATALOG_COMPILER_GLOBAL_ACCENT_COLOR_NAME = AccentColor;
				CODE_SIGN_STYLE = Automatic;
				CURRENT_PROJECT_VERSION = 1;
				DEVELOPMENT_ASSET_PATHS = "\"happy-tracker/Preview Content\"";
				ENABLE_PREVIEWS = YES;
				GENERATE_INFOPLIST_FILE = YES;
				INFOPLIST_KEY_UIApplicationSceneManifest_Generation = YES;
				INFOPLIST_KEY_UIApplicationSupportsIndirectInputEvents = YES;
				INFOPLIST_KEY_UILaunchScreen_Generation = YES;
				INFOPLIST_KEY_UISupportedInterfaceOrientations_iPad = "UIInterfaceOrientationPortrait UIInterfaceOrientationPortraitUpsideDown UIInterfaceOrientationLandscapeLeft UIInterfaceOrientationLandscapeRight";
				INFOPLIST_KEY_UISupportedInterfaceOrientations_iPhone = "UIInterfaceOrientationPortrait UIInterfaceOrientationLandscapeLeft UIInterfaceOrientationLandscapeRight";
				LD_RUNPATH_SEARCH_PATHS = (
					"$(inherited)",
					"@executable_path/Frameworks",
				);
				MARKETING_VERSION = 1.0;
				PRODUCT_BUNDLE_IDENTIFIER = "com.pbfuid.happy-tracker";
				PRODUCT_NAME = "$(TARGET_NAME)";
				SWIFT_EMIT_LOC_STRINGS = YES;
				SWIFT_VERSION = 5.0;
				TARGETED_DEVICE_FAMILY = "1,2";
			};
			name = Release;
		};
/* End XCBuildConfiguration section */

/* Begin XCConfigurationList section */
		AF91F18D27E8C62F0015CCE9 /* Build configuration list for PBXProject "happy-tracker" */ = {
			isa = XCConfigurationList;
			buildConfigurations = (
				AF91F19E27E8C6310015CCE9 /* Debug */,
				AF91F19F27E8C6310015CCE9 /* Release */,
			);
			defaultConfigurationIsVisible = 0;
			defaultConfigurationName = Release;
		};
		AF91F1A027E8C6310015CCE9 /* Build configuration list for PBXNativeTarget "happy-tracker" */ = {
			isa = XCConfigurationList;
			buildConfigurations = (
				AF91F1A127E8C6310015CCE9 /* Debug */,
				AF91F1A227E8C6310015CCE9 /* Release */,
			);
			defaultConfigurationIsVisible = 0;
			defaultConfigurationName = Release;
		};
/* End XCConfigurationList section */
	};
	rootObject = AF91F18A27E8C62F0015CCE9 /* Project object */;
}
